
Microsoft Visual Studio Solution File, Format Version 12.00
# Visual Studio Version 16
VisualStudioVersion = 16.0.29806.167
MinimumVisualStudioVersion = 10.0.40219.1
Project("{9A19103F-16F7-4668-BE54-9A1E7A4F7556}") = "OefeningMockingWeekend", "OefeningMockingWeekend\OefeningMockingWeekend.csproj", "{1528F8E5-0342-4C87-B671-179014869E69}"
EndProject
Project("{FAE04EC0-301F-11D3-BF4B-00C04F79EFBC}") = "MockingWeekendTest", "MockingWeekendTest\MockingWeekendTest.csproj", "{B3047D5B-8015-4002-987C-EA1C2DCB0B6E}"
EndProject
Global
	GlobalSection(SolutionConfigurationPlatforms) = preSolution
		Debug|Any CPU = Debug|Any CPU
		Release|Any CPU = Release|Any CPU
	EndGlobalSection
	GlobalSection(ProjectConfigurationPlatforms) = postSolution
		{1528F8E5-0342-4C87-B671-179014869E69}.Debug|Any CPU.ActiveCfg = Debug|Any CPU
		{1528F8E5-0342-4C87-B671-179014869E69}.Debug|Any CPU.Build.0 = Debug|Any CPU
		{1528F8E5-0342-4C87-B671-179014869E69}.Release|Any CPU.ActiveCfg = Release|Any CPU
		{1528F8E5-0342-4C87-B671-179014869E69}.Release|Any CPU.Build.0 = Release|Any CPU
		{B3047D5B-8015-4002-987C-EA1C2DCB0B6E}.Debug|Any CPU.ActiveCfg = Debug|Any CPU
		{B3047D5B-8015-4002-987C-EA1C2DCB0B6E}.Debug|Any CPU.Build.0 = Debug|Any CPU
		{B3047D5B-8015-4002-987C-EA1C2DCB0B6E}.Release|Any CPU.ActiveCfg = Release|Any CPU
		{B3047D5B-8015-4002-987C-EA1C2DCB0B6E}.Release|Any CPU.Build.0 = Release|Any CPU
	EndGlobalSection
	GlobalSection(SolutionProperties) = preSolution
		HideSolutionNode = FALSE
	EndGlobalSection
	GlobalSection(ExtensibilityGlobals) = postSolution
		SolutionGuid = {FB3EB1F1-A8D2-411F-8605-96E0765ED691}
	EndGlobalSection
EndGlobal
